// !$*UTF8*$!
{
	archiveVersion = 1;
	classes = {
	};
	objectVersion = 56;
	objects = {

/* Begin PBXBuildFile section */
		6261DAD22A25B55F009F0A14 /* CustomTextField.swift in Sources */ = {isa = PBXBuildFile; fileRef = 6261DAD12A25B55F009F0A14 /* CustomTextField.swift */; };
		6261DAEF2A2607A5009F0A14 /* LaunchScreen.storyboard in Resources */ = {isa = PBXBuildFile; fileRef = 6261DAEE2A2607A5009F0A14 /* LaunchScreen.storyboard */; };
		6261DAF22A26099C009F0A14 /* MainTabView.swift in Sources */ = {isa = PBXBuildFile; fileRef = 6261DAF12A26099C009F0A14 /* MainTabView.swift */; };
		6261DAF72A260C5A009F0A14 /* ChannelsView.swift in Sources */ = {isa = PBXBuildFile; fileRef = 6261DAF62A260C5A009F0A14 /* ChannelsView.swift */; };
		6261DAF92A260C72009F0A14 /* SettingsView.swift in Sources */ = {isa = PBXBuildFile; fileRef = 6261DAF82A260C72009F0A14 /* SettingsView.swift */; };
		6261DAFB2A260C80009F0A14 /* ChatsView.swift in Sources */ = {isa = PBXBuildFile; fileRef = 6261DAFA2A260C80009F0A14 /* ChatsView.swift */; };
		6261DAFE2A26573C009F0A14 /* ConversationsView.swift in Sources */ = {isa = PBXBuildFile; fileRef = 6261DAFD2A26573C009F0A14 /* ConversationsView.swift */; };
		6261DB002A265C5A009F0A14 /* SettingsHeaderView.swift in Sources */ = {isa = PBXBuildFile; fileRef = 6261DAFF2A265C5A009F0A14 /* SettingsHeaderView.swift */; };
		6261DB022A265D3F009F0A14 /* SettingsCell.swift in Sources */ = {isa = PBXBuildFile; fileRef = 6261DB012A265D3F009F0A14 /* SettingsCell.swift */; };
		6261DB042A27597F009F0A14 /* SettingsCellViewModel.swift in Sources */ = {isa = PBXBuildFile; fileRef = 6261DB032A27597F009F0A14 /* SettingsCellViewModel.swift */; };
		6261DB062A275CFA009F0A14 /* EditProfileView.swift in Sources */ = {isa = PBXBuildFile; fileRef = 6261DB052A275CFA009F0A14 /* EditProfileView.swift */; };
		6261DB082A276147009F0A14 /* StatusSelectorView.swift in Sources */ = {isa = PBXBuildFile; fileRef = 6261DB072A276147009F0A14 /* StatusSelectorView.swift */; };
		6261DB0A2A2768F6009F0A14 /* UserStatus.swift in Sources */ = {isa = PBXBuildFile; fileRef = 6261DB092A2768F6009F0A14 /* UserStatus.swift */; };
		6261DB0C2A276F47009F0A14 /* ImagePicker.swift in Sources */ = {isa = PBXBuildFile; fileRef = 6261DB0B2A276F47009F0A14 /* ImagePicker.swift */; };
		628CAEBE2A208C7100820578 /* SwiftUIChatTutorialApp.swift in Sources */ = {isa = PBXBuildFile; fileRef = 628CAEBD2A208C7100820578 /* SwiftUIChatTutorialApp.swift */; };
		628CAEC22A208C7200820578 /* Assets.xcassets in Resources */ = {isa = PBXBuildFile; fileRef = 628CAEC12A208C7200820578 /* Assets.xcassets */; };
		628CAEC52A208C7200820578 /* Preview Assets.xcassets in Resources */ = {isa = PBXBuildFile; fileRef = 628CAEC42A208C7200820578 /* Preview Assets.xcassets */; };
		628CAED32A208DA700820578 /* LoginView.swift in Sources */ = {isa = PBXBuildFile; fileRef = 628CAED22A208DA700820578 /* LoginView.swift */; };
		628CAED52A208DB200820578 /* RegistrationView.swift in Sources */ = {isa = PBXBuildFile; fileRef = 628CAED42A208DB200820578 /* RegistrationView.swift */; };
/* End PBXBuildFile section */

/* Begin PBXFileReference section */
		6261DAD12A25B55F009F0A14 /* CustomTextField.swift */ = {isa = PBXFileReference; lastKnownFileType = sourcecode.swift; path = CustomTextField.swift; sourceTree = "<group>"; };
		6261DAEE2A2607A5009F0A14 /* LaunchScreen.storyboard */ = {isa = PBXFileReference; lastKnownFileType = file.storyboard; path = LaunchScreen.storyboard; sourceTree = "<group>"; };
		6261DAF12A26099C009F0A14 /* MainTabView.swift */ = {isa = PBXFileReference; lastKnownFileType = sourcecode.swift; path = MainTabView.swift; sourceTree = "<group>"; };
		6261DAF62A260C5A009F0A14 /* ChannelsView.swift */ = {isa = PBXFileReference; lastKnownFileType = sourcecode.swift; path = ChannelsView.swift; sourceTree = "<group>"; };
		6261DAF82A260C72009F0A14 /* SettingsView.swift */ = {isa = PBXFileReference; lastKnownFileType = sourcecode.swift; path = SettingsView.swift; sourceTree = "<group>"; };
		6261DAFA2A260C80009F0A14 /* ChatsView.swift */ = {isa = PBXFileReference; lastKnownFileType = sourcecode.swift; path = ChatsView.swift; sourceTree = "<group>"; };
		6261DAFD2A26573C009F0A14 /* ConversationsView.swift */ = {isa = PBXFileReference; lastKnownFileType = sourcecode.swift; path = ConversationsView.swift; sourceTree = "<group>"; };
		6261DAFF2A265C5A009F0A14 /* SettingsHeaderView.swift */ = {isa = PBXFileReference; lastKnownFileType = sourcecode.swift; path = SettingsHeaderView.swift; sourceTree = "<group>"; };
		6261DB012A265D3F009F0A14 /* SettingsCell.swift */ = {isa = PBXFileReference; lastKnownFileType = sourcecode.swift; path = SettingsCell.swift; sourceTree = "<group>"; };
		6261DB032A27597F009F0A14 /* SettingsCellViewModel.swift */ = {isa = PBXFileReference; lastKnownFileType = sourcecode.swift; path = SettingsCellViewModel.swift; sourceTree = "<group>"; };
		6261DB052A275CFA009F0A14 /* EditProfileView.swift */ = {isa = PBXFileReference; lastKnownFileType = sourcecode.swift; path = EditProfileView.swift; sourceTree = "<group>"; };
		6261DB072A276147009F0A14 /* StatusSelectorView.swift */ = {isa = PBXFileReference; lastKnownFileType = sourcecode.swift; path = StatusSelectorView.swift; sourceTree = "<group>"; };
		6261DB092A2768F6009F0A14 /* UserStatus.swift */ = {isa = PBXFileReference; lastKnownFileType = sourcecode.swift; path = UserStatus.swift; sourceTree = "<group>"; };
		6261DB0B2A276F47009F0A14 /* ImagePicker.swift */ = {isa = PBXFileReference; lastKnownFileType = sourcecode.swift; path = ImagePicker.swift; sourceTree = "<group>"; };
		628CAEBA2A208C7100820578 /* SwiftUIChatTutorial.app */ = {isa = PBXFileReference; explicitFileType = wrapper.application; includeInIndex = 0; path = SwiftUIChatTutorial.app; sourceTree = BUILT_PRODUCTS_DIR; };
		628CAEBD2A208C7100820578 /* SwiftUIChatTutorialApp.swift */ = {isa = PBXFileReference; lastKnownFileType = sourcecode.swift; path = SwiftUIChatTutorialApp.swift; sourceTree = "<group>"; };
		628CAEC12A208C7200820578 /* Assets.xcassets */ = {isa = PBXFileReference; lastKnownFileType = folder.assetcatalog; path = Assets.xcassets; sourceTree = "<group>"; };
		628CAEC42A208C7200820578 /* Preview Assets.xcassets */ = {isa = PBXFileReference; lastKnownFileType = folder.assetcatalog; path = "Preview Assets.xcassets"; sourceTree = "<group>"; };
		628CAEC62A208C7200820578 /* SwiftUIChatTutorial.entitlements */ = {isa = PBXFileReference; lastKnownFileType = text.plist.entitlements; path = SwiftUIChatTutorial.entitlements; sourceTree = "<group>"; };
		628CAED22A208DA700820578 /* LoginView.swift */ = {isa = PBXFileReference; lastKnownFileType = sourcecode.swift; path = LoginView.swift; sourceTree = "<group>"; };
		628CAED42A208DB200820578 /* RegistrationView.swift */ = {isa = PBXFileReference; lastKnownFileType = sourcecode.swift; path = RegistrationView.swift; sourceTree = "<group>"; };
/* End PBXFileReference section */

/* Begin PBXFrameworksBuildPhase section */
		628CAEB72A208C7100820578 /* Frameworks */ = {
			isa = PBXFrameworksBuildPhase;
			buildActionMask = 2147483647;
			files = (
			);
			runOnlyForDeploymentPostprocessing = 0;
		};
/* End PBXFrameworksBuildPhase section */

/* Begin PBXGroup section */
		6261DAF02A26098A009F0A14 /* Main */ = {
			isa = PBXGroup;
			children = (
				6261DAF12A26099C009F0A14 /* MainTabView.swift */,
			);
			path = Main;
			sourceTree = "<group>";
		};
		6261DAF32A260C1A009F0A14 /* Channels */ = {
			isa = PBXGroup;
			children = (
				6261DAF62A260C5A009F0A14 /* ChannelsView.swift */,
			);
			path = Channels;
			sourceTree = "<group>";
		};
		6261DAF42A260C3F009F0A14 /* Settings */ = {
			isa = PBXGroup;
			children = (
				6261DAF82A260C72009F0A14 /* SettingsView.swift */,
				6261DB052A275CFA009F0A14 /* EditProfileView.swift */,
				6261DAFF2A265C5A009F0A14 /* SettingsHeaderView.swift */,
				6261DB012A265D3F009F0A14 /* SettingsCell.swift */,
				6261DB072A276147009F0A14 /* StatusSelectorView.swift */,
			);
			path = Settings;
			sourceTree = "<group>";
		};
		6261DAF52A260C46009F0A14 /* Chats */ = {
			isa = PBXGroup;
			children = (
				6261DAFA2A260C80009F0A14 /* ChatsView.swift */,
			);
			path = Chats;
			sourceTree = "<group>";
		};
		6261DAFC2A265723009F0A14 /* Conversations */ = {
			isa = PBXGroup;
			children = (
				6261DAFD2A26573C009F0A14 /* ConversationsView.swift */,
			);
			path = Conversations;
			sourceTree = "<group>";
		};
		628CAEB12A208C7100820578 = {
			isa = PBXGroup;
			children = (
				6261DAEE2A2607A5009F0A14 /* LaunchScreen.storyboard */,
				628CAEBC2A208C7100820578 /* SwiftUIChatTutorial */,
				628CAEBB2A208C7100820578 /* Products */,
			);
			sourceTree = "<group>";
		};
		628CAEBB2A208C7100820578 /* Products */ = {
			isa = PBXGroup;
			children = (
				628CAEBA2A208C7100820578 /* SwiftUIChatTutorial.app */,
			);
			name = Products;
			sourceTree = "<group>";
		};
		628CAEBC2A208C7100820578 /* SwiftUIChatTutorial */ = {
			isa = PBXGroup;
			children = (
				628CAED02A208D3E00820578 /* Model */,
				628CAECF2A208D3A00820578 /* View */,
				628CAECE2A208D3900820578 /* ViewModel */,
				628CAECD2A208D3600820578 /* API */,
				628CAECC2A208D3200820578 /* Utils */,
				628CAEBD2A208C7100820578 /* SwiftUIChatTutorialApp.swift */,
				628CAEC12A208C7200820578 /* Assets.xcassets */,
				628CAEC62A208C7200820578 /* SwiftUIChatTutorial.entitlements */,
				628CAEC32A208C7200820578 /* Preview Content */,
			);
			path = SwiftUIChatTutorial;
			sourceTree = "<group>";
		};
		628CAEC32A208C7200820578 /* Preview Content */ = {
			isa = PBXGroup;
			children = (
				628CAEC42A208C7200820578 /* Preview Assets.xcassets */,
			);
			path = "Preview Content";
			sourceTree = "<group>";
		};
		628CAECC2A208D3200820578 /* Utils */ = {
			isa = PBXGroup;
			children = (
				6261DAD12A25B55F009F0A14 /* CustomTextField.swift */,
				6261DB0B2A276F47009F0A14 /* ImagePicker.swift */,
			);
			path = Utils;
			sourceTree = "<group>";
		};
		628CAECD2A208D3600820578 /* API */ = {
			isa = PBXGroup;
			children = (
			);
			path = API;
			sourceTree = "<group>";
		};
		628CAECE2A208D3900820578 /* ViewModel */ = {
			isa = PBXGroup;
			children = (
				6261DB032A27597F009F0A14 /* SettingsCellViewModel.swift */,
				6261DB092A2768F6009F0A14 /* UserStatus.swift */,
			);
			path = ViewModel;
			sourceTree = "<group>";
		};
		628CAECF2A208D3A00820578 /* View */ = {
			isa = PBXGroup;
			children = (
				6261DAFC2A265723009F0A14 /* Conversations */,
				6261DAF52A260C46009F0A14 /* Chats */,
				6261DAF42A260C3F009F0A14 /* Settings */,
				6261DAF32A260C1A009F0A14 /* Channels */,
				6261DAF02A26098A009F0A14 /* Main */,
				628CAED12A208D8E00820578 /* Authentication */,
			);
			path = View;
			sourceTree = "<group>";
		};
		628CAED02A208D3E00820578 /* Model */ = {
			isa = PBXGroup;
			children = (
			);
			path = Model;
			sourceTree = "<group>";
		};
		628CAED12A208D8E00820578 /* Authentication */ = {
			isa = PBXGroup;
			children = (
				628CAED22A208DA700820578 /* LoginView.swift */,
				628CAED42A208DB200820578 /* RegistrationView.swift */,
			);
			path = Authentication;
			sourceTree = "<group>";
		};
/* End PBXGroup section */

/* Begin PBXNativeTarget section */
		628CAEB92A208C7100820578 /* SwiftUIChatTutorial */ = {
			isa = PBXNativeTarget;
			buildConfigurationList = 628CAEC92A208C7200820578 /* Build configuration list for PBXNativeTarget "SwiftUIChatTutorial" */;
			buildPhases = (
				628CAEB62A208C7100820578 /* Sources */,
				628CAEB72A208C7100820578 /* Frameworks */,
				628CAEB82A208C7100820578 /* Resources */,
			);
			buildRules = (
			);
			dependencies = (
			);
			name = SwiftUIChatTutorial;
			productName = SwiftUIChatTutorial;
			productReference = 628CAEBA2A208C7100820578 /* SwiftUIChatTutorial.app */;
			productType = "com.apple.product-type.application";
		};
/* End PBXNativeTarget section */

/* Begin PBXProject section */
		628CAEB22A208C7100820578 /* Project object */ = {
			isa = PBXProject;
			attributes = {
				BuildIndependentTargetsInParallel = 1;
				LastSwiftUpdateCheck = 1420;
				LastUpgradeCheck = 1420;
				TargetAttributes = {
					628CAEB92A208C7100820578 = {
						CreatedOnToolsVersion = 14.2;
					};
				};
			};
			buildConfigurationList = 628CAEB52A208C7100820578 /* Build configuration list for PBXProject "SwiftUIChatTutorial" */;
			compatibilityVersion = "Xcode 14.0";
			developmentRegion = en;
			hasScannedForEncodings = 0;
			knownRegions = (
				en,
				Base,
			);
			mainGroup = 628CAEB12A208C7100820578;
			productRefGroup = 628CAEBB2A208C7100820578 /* Products */;
			projectDirPath = "";
			projectRoot = "";
			targets = (
				628CAEB92A208C7100820578 /* SwiftUIChatTutorial */,
			);
		};
/* End PBXProject section */

/* Begin PBXResourcesBuildPhase section */
		628CAEB82A208C7100820578 /* Resources */ = {
			isa = PBXResourcesBuildPhase;
			buildActionMask = 2147483647;
			files = (
				6261DAEF2A2607A5009F0A14 /* LaunchScreen.storyboard in Resources */,
				628CAEC52A208C7200820578 /* Preview Assets.xcassets in Resources */,
				628CAEC22A208C7200820578 /* Assets.xcassets in Resources */,
			);
			runOnlyForDeploymentPostprocessing = 0;
		};
/* End PBXResourcesBuildPhase section */

/* Begin PBXSourcesBuildPhase section */
		628CAEB62A208C7100820578 /* Sources */ = {
			isa = PBXSourcesBuildPhase;
			buildActionMask = 2147483647;
			files = (
				628CAED32A208DA700820578 /* LoginView.swift in Sources */,
				6261DB0A2A2768F6009F0A14 /* UserStatus.swift in Sources */,
				6261DAF92A260C72009F0A14 /* SettingsView.swift in Sources */,
				6261DB002A265C5A009F0A14 /* SettingsHeaderView.swift in Sources */,
				6261DAF72A260C5A009F0A14 /* ChannelsView.swift in Sources */,
				6261DAFE2A26573C009F0A14 /* ConversationsView.swift in Sources */,
				6261DB082A276147009F0A14 /* StatusSelectorView.swift in Sources */,
				628CAEBE2A208C7100820578 /* SwiftUIChatTutorialApp.swift in Sources */,
				628CAED52A208DB200820578 /* RegistrationView.swift in Sources */,
				6261DB042A27597F009F0A14 /* SettingsCellViewModel.swift in Sources */,
				6261DAFB2A260C80009F0A14 /* ChatsView.swift in Sources */,
				6261DAD22A25B55F009F0A14 /* CustomTextField.swift in Sources */,
				6261DAF22A26099C009F0A14 /* MainTabView.swift in Sources */,
				6261DB0C2A276F47009F0A14 /* ImagePicker.swift in Sources */,
				6261DB062A275CFA009F0A14 /* EditProfileView.swift in Sources */,
				6261DB022A265D3F009F0A14 /* SettingsCell.swift in Sources */,
			);
			runOnlyForDeploymentPostprocessing = 0;
		};
/* End PBXSourcesBuildPhase section */

/* Begin XCBuildConfiguration section */
		628CAEC72A208C7200820578 /* Debug */ = {
			isa = XCBuildConfiguration;
			buildSettings = {
				ALWAYS_SEARCH_USER_PATHS = NO;
				CLANG_ANALYZER_NONNULL = YES;
				CLANG_ANALYZER_NUMBER_OBJECT_CONVERSION = YES_AGGRESSIVE;
				CLANG_CXX_LANGUAGE_STANDARD = "gnu++20";
				CLANG_ENABLE_MODULES = YES;
				CLANG_ENABLE_OBJC_ARC = YES;
				CLANG_ENABLE_OBJC_WEAK = YES;
				CLANG_WARN_BLOCK_CAPTURE_AUTORELEASING = YES;
				CLANG_WARN_BOOL_CONVERSION = YES;
				CLANG_WARN_COMMA = YES;
				CLANG_WARN_CONSTANT_CONVERSION = YES;
				CLANG_WARN_DEPRECATED_OBJC_IMPLEMENTATIONS = YES;
				CLANG_WARN_DIRECT_OBJC_ISA_USAGE = YES_ERROR;
				CLANG_WARN_DOCUMENTATION_COMMENTS = YES;
				CLANG_WARN_EMPTY_BODY = YES;
				CLANG_WARN_ENUM_CONVERSION = YES;
				CLANG_WARN_INFINITE_RECURSION = YES;
				CLANG_WARN_INT_CONVERSION = YES;
				CLANG_WARN_NON_LITERAL_NULL_CONVERSION = YES;
				CLANG_WARN_OBJC_IMPLICIT_RETAIN_SELF = YES;
				CLANG_WARN_OBJC_LITERAL_CONVERSION = YES;
				CLANG_WARN_OBJC_ROOT_CLASS = YES_ERROR;
				CLANG_WARN_QUOTED_INCLUDE_IN_FRAMEWORK_HEADER = YES;
				CLANG_WARN_RANGE_LOOP_ANALYSIS = YES;
				CLANG_WARN_STRICT_PROTOTYPES = YES;
				CLANG_WARN_SUSPICIOUS_MOVE = YES;
				CLANG_WARN_UNGUARDED_AVAILABILITY = YES_AGGRESSIVE;
				CLANG_WARN_UNREACHABLE_CODE = YES;
				CLANG_WARN__DUPLICATE_METHOD_MATCH = YES;
				COPY_PHASE_STRIP = NO;
				DEBUG_INFORMATION_FORMAT = dwarf;
				ENABLE_STRICT_OBJC_MSGSEND = YES;
				ENABLE_TESTABILITY = YES;
				GCC_C_LANGUAGE_STANDARD = gnu11;
				GCC_DYNAMIC_NO_PIC = NO;
				GCC_NO_COMMON_BLOCKS = YES;
				GCC_OPTIMIZATION_LEVEL = 0;
				GCC_PREPROCESSOR_DEFINITIONS = (
					"DEBUG=1",
					"$(inherited)",
				);
				GCC_WARN_64_TO_32_BIT_CONVERSION = YES;
				GCC_WARN_ABOUT_RETURN_TYPE = YES_ERROR;
				GCC_WARN_UNDECLARED_SELECTOR = YES;
				GCC_WARN_UNINITIALIZED_AUTOS = YES_AGGRESSIVE;
				GCC_WARN_UNUSED_FUNCTION = YES;
				GCC_WARN_UNUSED_VARIABLE = YES;
				MACOSX_DEPLOYMENT_TARGET = 13.1;
				MTL_ENABLE_DEBUG_INFO = INCLUDE_SOURCE;
				MTL_FAST_MATH = YES;
				ONLY_ACTIVE_ARCH = YES;
				SDKROOT = macosx;
				SWIFT_ACTIVE_COMPILATION_CONDITIONS = DEBUG;
				SWIFT_OPTIMIZATION_LEVEL = "-Onone";
			};
			name = Debug;
		};
		628CAEC82A208C7200820578 /* Release */ = {
			isa = XCBuildConfiguration;
			buildSettings = {
				ALWAYS_SEARCH_USER_PATHS = NO;
				CLANG_ANALYZER_NONNULL = YES;
				CLANG_ANALYZER_NUMBER_OBJECT_CONVERSION = YES_AGGRESSIVE;
				CLANG_CXX_LANGUAGE_STANDARD = "gnu++20";
				CLANG_ENABLE_MODULES = YES;
				CLANG_ENABLE_OBJC_ARC = YES;
				CLANG_ENABLE_OBJC_WEAK = YES;
				CLANG_WARN_BLOCK_CAPTURE_AUTORELEASING = YES;
				CLANG_WARN_BOOL_CONVERSION = YES;
				CLANG_WARN_COMMA = YES;
				CLANG_WARN_CONSTANT_CONVERSION = YES;
				CLANG_WARN_DEPRECATED_OBJC_IMPLEMENTATIONS = YES;
				CLANG_WARN_DIRECT_OBJC_ISA_USAGE = YES_ERROR;
				CLANG_WARN_DOCUMENTATION_COMMENTS = YES;
				CLANG_WARN_EMPTY_BODY = YES;
				CLANG_WARN_ENUM_CONVERSION = YES;
				CLANG_WARN_INFINITE_RECURSION = YES;
				CLANG_WARN_INT_CONVERSION = YES;
				CLANG_WARN_NON_LITERAL_NULL_CONVERSION = YES;
				CLANG_WARN_OBJC_IMPLICIT_RETAIN_SELF = YES;
				CLANG_WARN_OBJC_LITERAL_CONVERSION = YES;
				CLANG_WARN_OBJC_ROOT_CLASS = YES_ERROR;
				CLANG_WARN_QUOTED_INCLUDE_IN_FRAMEWORK_HEADER = YES;
				CLANG_WARN_RANGE_LOOP_ANALYSIS = YES;
				CLANG_WARN_STRICT_PROTOTYPES = YES;
				CLANG_WARN_SUSPICIOUS_MOVE = YES;
				CLANG_WARN_UNGUARDED_AVAILABILITY = YES_AGGRESSIVE;
				CLANG_WARN_UNREACHABLE_CODE = YES;
				CLANG_WARN__DUPLICATE_METHOD_MATCH = YES;
				COPY_PHASE_STRIP = NO;
				DEBUG_INFORMATION_FORMAT = "dwarf-with-dsym";
				ENABLE_NS_ASSERTIONS = NO;
				ENABLE_STRICT_OBJC_MSGSEND = YES;
				GCC_C_LANGUAGE_STANDARD = gnu11;
				GCC_NO_COMMON_BLOCKS = YES;
				GCC_WARN_64_TO_32_BIT_CONVERSION = YES;
				GCC_WARN_ABOUT_RETURN_TYPE = YES_ERROR;
				GCC_WARN_UNDECLARED_SELECTOR = YES;
				GCC_WARN_UNINITIALIZED_AUTOS = YES_AGGRESSIVE;
				GCC_WARN_UNUSED_FUNCTION = YES;
				GCC_WARN_UNUSED_VARIABLE = YES;
				MACOSX_DEPLOYMENT_TARGET = 13.1;
				MTL_ENABLE_DEBUG_INFO = NO;
				MTL_FAST_MATH = YES;
				SDKROOT = macosx;
				SWIFT_COMPILATION_MODE = wholemodule;
				SWIFT_OPTIMIZATION_LEVEL = "-O";
			};
			name = Release;
		};
		628CAECA2A208C7200820578 /* Debug */ = {
			isa = XCBuildConfiguration;
			buildSettings = {
				ASSETCATALOG_COMPILER_APPICON_NAME = AppIcon;
				ASSETCATALOG_COMPILER_GLOBAL_ACCENT_COLOR_NAME = AccentColor;
				CODE_SIGN_ENTITLEMENTS = SwiftUIChatTutorial/SwiftUIChatTutorial.entitlements;
				CODE_SIGN_STYLE = Automatic;
				COMBINE_HIDPI_IMAGES = YES;
				CURRENT_PROJECT_VERSION = 1;
				DEVELOPMENT_ASSET_PATHS = "\"SwiftUIChatTutorial/Preview Content\"";
				ENABLE_PREVIEWS = YES;
				GENERATE_INFOPLIST_FILE = YES;
				INFOPLIST_KEY_NSHumanReadableCopyright = "";
				INFOPLIST_KEY_UILaunchStoryboardName = LaunchScreen.storyboard;
				IPHONEOS_DEPLOYMENT_TARGET = 14.0;
				LD_RUNPATH_SEARCH_PATHS = (
					"$(inherited)",
					"@executable_path/../Frameworks",
				);
				MARKETING_VERSION = 1.0;
				PRODUCT_BUNDLE_IDENTIFIER = com.escher.SwiftUIChatTutorial;
				PRODUCT_NAME = "$(TARGET_NAME)";
				SUPPORTED_PLATFORMS = "iphoneos iphonesimulator";
				SUPPORTS_MACCATALYST = NO;
				SUPPORTS_MAC_DESIGNED_FOR_IPHONE_IPAD = NO;
				SWIFT_EMIT_LOC_STRINGS = YES;
				SWIFT_VERSION = 5.0;
				TARGETED_DEVICE_FAMILY = 1;
			};
			name = Debug;
		};
		628CAECB2A208C7200820578 /* Release */ = {
			isa = XCBuildConfiguration;
			buildSettings = {
				ASSETCATALOG_COMPILER_APPICON_NAME = AppIcon;
				ASSETCATALOG_COMPILER_GLOBAL_ACCENT_COLOR_NAME = AccentColor;
				CODE_SIGN_ENTITLEMENTS = SwiftUIChatTutorial/SwiftUIChatTutorial.entitlements;
				CODE_SIGN_STYLE = Automatic;
				COMBINE_HIDPI_IMAGES = YES;
				CURRENT_PROJECT_VERSION = 1;
				DEVELOPMENT_ASSET_PATHS = "\"SwiftUIChatTutorial/Preview Content\"";
				ENABLE_PREVIEWS = YES;
				GENERATE_INFOPLIST_FILE = YES;
				INFOPLIST_KEY_NSHumanReadableCopyright = "";
				INFOPLIST_KEY_UILaunchStoryboardName = LaunchScreen.storyboard;
				IPHONEOS_DEPLOYMENT_TARGET = 14.0;
				LD_RUNPATH_SEARCH_PATHS = (
					"$(inherited)",
					"@executable_path/../Frameworks",
				);
				MARKETING_VERSION = 1.0;
				PRODUCT_BUNDLE_IDENTIFIER = com.escher.SwiftUIChatTutorial;
				PRODUCT_NAME = "$(TARGET_NAME)";
				SUPPORTED_PLATFORMS = "iphoneos iphonesimulator";
				SUPPORTS_MACCATALYST = NO;
				SUPPORTS_MAC_DESIGNED_FOR_IPHONE_IPAD = NO;
				SWIFT_EMIT_LOC_STRINGS = YES;
				SWIFT_VERSION = 5.0;
				TARGETED_DEVICE_FAMILY = 1;
			};
			name = Release;
		};
/* End XCBuildConfiguration section */

/* Begin XCConfigurationList section */
		628CAEB52A208C7100820578 /* Build configuration list for PBXProject "SwiftUIChatTutorial" */ = {
			isa = XCConfigurationList;
			buildConfigurations = (
				628CAEC72A208C7200820578 /* Debug */,
				628CAEC82A208C7200820578 /* Release */,
			);
			defaultConfigurationIsVisible = 0;
			defaultConfigurationName = Release;
		};
		628CAEC92A208C7200820578 /* Build configuration list for PBXNativeTarget "SwiftUIChatTutorial" */ = {
			isa = XCConfigurationList;
			buildConfigurations = (
				628CAECA2A208C7200820578 /* Debug */,
				628CAECB2A208C7200820578 /* Release */,
			);
			defaultConfigurationIsVisible = 0;
			defaultConfigurationName = Release;
		};
/* End XCConfigurationList section */
	};
	rootObject = 628CAEB22A208C7100820578 /* Project object */;
}
